
Microsoft Visual Studio Solution File, Format Version 12.00
# Visual Studio 2017
Project("{FAE04EC0-301F-11D3-BF4B-00C04F79EFBC}") = "2D Roguelike Project v0.3.0", "2D Roguelike Project v0.3.0.csproj", "{AC95843D-CF16-7081-7B5B-36F9EC5E30F6}"
EndProject
Project("{FAE04EC0-301F-11D3-BF4B-00C04F79EFBC}") = "2D Roguelike Project v0.3.0.Editor", "2D Roguelike Project v0.3.0.Editor.csproj", "{6F8ED020-7638-CDC7-717D-E75D981136B1}"
EndProject
Global
	GlobalSection(SolutionConfigurationPlatforms) = preSolution
		Debug|Any CPU = Debug|Any CPU
		Release|Any CPU = Release|Any CPU
	EndGlobalSection
	GlobalSection(ProjectConfigurationPlatforms) = postSolution
		{AC95843D-CF16-7081-7B5B-36F9EC5E30F6}.Debug|Any CPU.ActiveCfg = Debug|Any CPU
		{AC95843D-CF16-7081-7B5B-36F9EC5E30F6}.Debug|Any CPU.Build.0 = Debug|Any CPU
		{AC95843D-CF16-7081-7B5B-36F9EC5E30F6}.Release|Any CPU.ActiveCfg = Release|Any CPU
		{AC95843D-CF16-7081-7B5B-36F9EC5E30F6}.Release|Any CPU.Build.0 = Release|Any CPU
		{6F8ED020-7638-CDC7-717D-E75D981136B1}.Debug|Any CPU.ActiveCfg = Debug|Any CPU
		{6F8ED020-7638-CDC7-717D-E75D981136B1}.Debug|Any CPU.Build.0 = Debug|Any CPU
		{6F8ED020-7638-CDC7-717D-E75D981136B1}.Release|Any CPU.ActiveCfg = Release|Any CPU
		{6F8ED020-7638-CDC7-717D-E75D981136B1}.Release|Any CPU.Build.0 = Release|Any CPU
	EndGlobalSection
	GlobalSection(SolutionProperties) = preSolution
		HideSolutionNode = FALSE
	EndGlobalSection
EndGlobal
