
Microsoft Visual Studio Solution File, Format Version 12.00
# Visual Studio 2017
Project("{FAE04EC0-301F-11D3-BF4B-00C04F79EFBC}") = "2D Roguelike Project- Combat, Generation, Animation v3", "2D Roguelike Project- Combat, Generation, Animation v3.csproj", "{87186E2D-6C19-4FC9-BBD4-A88AF6BCD573}"
EndProject
Project("{FAE04EC0-301F-11D3-BF4B-00C04F79EFBC}") = "2D Roguelike Project- Combat, Generation, Animation v3.Editor", "2D Roguelike Project- Combat, Generation, Animation v3.Editor.csproj", "{AD11642B-D060-58A7-C9B6-FB751011F187}"
EndProject
Global
	GlobalSection(SolutionConfigurationPlatforms) = preSolution
		Debug|Any CPU = Debug|Any CPU
		Release|Any CPU = Release|Any CPU
	EndGlobalSection
	GlobalSection(ProjectConfigurationPlatforms) = postSolution
		{87186E2D-6C19-4FC9-BBD4-A88AF6BCD573}.Debug|Any CPU.ActiveCfg = Debug|Any CPU
		{87186E2D-6C19-4FC9-BBD4-A88AF6BCD573}.Debug|Any CPU.Build.0 = Debug|Any CPU
		{87186E2D-6C19-4FC9-BBD4-A88AF6BCD573}.Release|Any CPU.ActiveCfg = Release|Any CPU
		{87186E2D-6C19-4FC9-BBD4-A88AF6BCD573}.Release|Any CPU.Build.0 = Release|Any CPU
		{AD11642B-D060-58A7-C9B6-FB751011F187}.Debug|Any CPU.ActiveCfg = Debug|Any CPU
		{AD11642B-D060-58A7-C9B6-FB751011F187}.Debug|Any CPU.Build.0 = Debug|Any CPU
		{AD11642B-D060-58A7-C9B6-FB751011F187}.Release|Any CPU.ActiveCfg = Release|Any CPU
		{AD11642B-D060-58A7-C9B6-FB751011F187}.Release|Any CPU.Build.0 = Release|Any CPU
	EndGlobalSection
	GlobalSection(SolutionProperties) = preSolution
		HideSolutionNode = FALSE
	EndGlobalSection
EndGlobal
