
Microsoft Visual Studio Solution File, Format Version 12.00
# Visual Studio 2017
Project("{FAE04EC0-301F-11D3-BF4B-00C04F79EFBC}") = "2D Roguelike Project- Combat and Generation v2", "2D Roguelike Project- Combat and Generation v2.csproj", "{800158B8-F7F3-1CC1-8FAB-7A1F3B9A2C87}"
EndProject
Project("{FAE04EC0-301F-11D3-BF4B-00C04F79EFBC}") = "2D Roguelike Project- Combat and Generation v2.Editor", "2D Roguelike Project- Combat and Generation v2.Editor.csproj", "{01413289-B6F4-3872-E754-497F1A21E31A}"
EndProject
Global
	GlobalSection(SolutionConfigurationPlatforms) = preSolution
		Debug|Any CPU = Debug|Any CPU
		Release|Any CPU = Release|Any CPU
	EndGlobalSection
	GlobalSection(ProjectConfigurationPlatforms) = postSolution
		{800158B8-F7F3-1CC1-8FAB-7A1F3B9A2C87}.Debug|Any CPU.ActiveCfg = Debug|Any CPU
		{800158B8-F7F3-1CC1-8FAB-7A1F3B9A2C87}.Debug|Any CPU.Build.0 = Debug|Any CPU
		{800158B8-F7F3-1CC1-8FAB-7A1F3B9A2C87}.Release|Any CPU.ActiveCfg = Release|Any CPU
		{800158B8-F7F3-1CC1-8FAB-7A1F3B9A2C87}.Release|Any CPU.Build.0 = Release|Any CPU
		{01413289-B6F4-3872-E754-497F1A21E31A}.Debug|Any CPU.ActiveCfg = Debug|Any CPU
		{01413289-B6F4-3872-E754-497F1A21E31A}.Debug|Any CPU.Build.0 = Debug|Any CPU
		{01413289-B6F4-3872-E754-497F1A21E31A}.Release|Any CPU.ActiveCfg = Release|Any CPU
		{01413289-B6F4-3872-E754-497F1A21E31A}.Release|Any CPU.Build.0 = Release|Any CPU
	EndGlobalSection
	GlobalSection(SolutionProperties) = preSolution
		HideSolutionNode = FALSE
	EndGlobalSection
EndGlobal
