Microsoft Visual Studio Solution File, Format Version 11.00
# Visual Studio 2008

Project("{01EDB6D8-099F-3BA8-EF06-0AFDCFF34362}") = "2DRoguelike", "Assembly-CSharp.csproj", "{F9BC534C-768E-4A11-10B2-6FC4D60052F8}"
EndProject
Project("{01EDB6D8-099F-3BA8-EF06-0AFDCFF34362}") = "2DRoguelike", "Assembly-CSharp-Editor.csproj", "{0ED96D06-5555-EE9B-BBBB-16A5D67ED97C}"
EndProject
Global
	GlobalSection(SolutionConfigurationPlatforms) = preSolution
		Debug|Any CPU = Debug|Any CPU
		Release|Any CPU = Release|Any CPU
	EndGlobalSection
	GlobalSection(ProjectConfigurationPlatforms) = postSolution
		{F9BC534C-768E-4A11-10B2-6FC4D60052F8}.Debug|Any CPU.ActiveCfg = Debug|Any CPU
		{F9BC534C-768E-4A11-10B2-6FC4D60052F8}.Debug|Any CPU.Build.0 = Debug|Any CPU
		{F9BC534C-768E-4A11-10B2-6FC4D60052F8}.Release|Any CPU.ActiveCfg = Release|Any CPU
		{F9BC534C-768E-4A11-10B2-6FC4D60052F8}.Release|Any CPU.Build.0 = Release|Any CPU
		{0ED96D06-5555-EE9B-BBBB-16A5D67ED97C}.Debug|Any CPU.ActiveCfg = Debug|Any CPU
		{0ED96D06-5555-EE9B-BBBB-16A5D67ED97C}.Debug|Any CPU.Build.0 = Debug|Any CPU
		{0ED96D06-5555-EE9B-BBBB-16A5D67ED97C}.Release|Any CPU.ActiveCfg = Release|Any CPU
		{0ED96D06-5555-EE9B-BBBB-16A5D67ED97C}.Release|Any CPU.Build.0 = Release|Any CPU
	EndGlobalSection
	GlobalSection(SolutionProperties) = preSolution
		HideSolutionNode = FALSE
	EndGlobalSection
	GlobalSection(MonoDevelopProperties) = preSolution
		StartupItem = Assembly-CSharp.csproj
	EndGlobalSection
EndGlobal
